// !$*UTF8*$!
{
	archiveVersion = 1;
	classes = {
	};
	objectVersion = 55;
	objects = {

/* Begin PBXBuildFile section */
		B25600BB27BD4E0C00C6EEE1 /* UltimatePortfolioApp.swift in Sources */ = {isa = PBXBuildFile; fileRef = B25600BA27BD4E0C00C6EEE1 /* UltimatePortfolioApp.swift */; };
		B25600BD27BD4E0C00C6EEE1 /* ContentView.swift in Sources */ = {isa = PBXBuildFile; fileRef = B25600BC27BD4E0C00C6EEE1 /* ContentView.swift */; };
		B25600BF27BD4E0E00C6EEE1 /* Assets.xcassets in Resources */ = {isa = PBXBuildFile; fileRef = B25600BE27BD4E0E00C6EEE1 /* Assets.xcassets */; };
		B25600C227BD4E0E00C6EEE1 /* Preview Assets.xcassets in Resources */ = {isa = PBXBuildFile; fileRef = B25600C127BD4E0E00C6EEE1 /* Preview Assets.xcassets */; };
		B257819027BE8C1C00D63213 /* Main.xcdatamodeld in Sources */ = {isa = PBXBuildFile; fileRef = B257818E27BE8C1C00D63213 /* Main.xcdatamodeld */; };
		B257819227BE959B00D63213 /* DataController.swift in Sources */ = {isa = PBXBuildFile; fileRef = B257819127BE959B00D63213 /* DataController.swift */; };
		B257819727BEA47B00D63213 /* CloudKit.framework in Frameworks */ = {isa = PBXBuildFile; fileRef = B257819627BEA47B00D63213 /* CloudKit.framework */; };
		B257819927BEA87100D63213 /* HomeView.swift in Sources */ = {isa = PBXBuildFile; fileRef = B257819827BEA87100D63213 /* HomeView.swift */; };
		B257819B27BEA8E700D63213 /* ProjectsView.swift in Sources */ = {isa = PBXBuildFile; fileRef = B257819A27BEA8E700D63213 /* ProjectsView.swift */; };
		B2A5411427BFBB30001C2E36 /* Item-CoreDataHelpers.swift in Sources */ = {isa = PBXBuildFile; fileRef = B2A5411327BFBB30001C2E36 /* Item-CoreDataHelpers.swift */; };
		B2A5411727BFBECF001C2E36 /* Project-CoreDataHelpers.swift in Sources */ = {isa = PBXBuildFile; fileRef = B2A5411627BFBECF001C2E36 /* Project-CoreDataHelpers.swift */; };
/* End PBXBuildFile section */

/* Begin PBXFileReference section */
		B25600B727BD4E0C00C6EEE1 /* UltimatePortfolio.app */ = {isa = PBXFileReference; explicitFileType = wrapper.application; includeInIndex = 0; path = UltimatePortfolio.app; sourceTree = BUILT_PRODUCTS_DIR; };
		B25600BA27BD4E0C00C6EEE1 /* UltimatePortfolioApp.swift */ = {isa = PBXFileReference; lastKnownFileType = sourcecode.swift; path = UltimatePortfolioApp.swift; sourceTree = "<group>"; };
		B25600BC27BD4E0C00C6EEE1 /* ContentView.swift */ = {isa = PBXFileReference; lastKnownFileType = sourcecode.swift; path = ContentView.swift; sourceTree = "<group>"; };
		B25600BE27BD4E0E00C6EEE1 /* Assets.xcassets */ = {isa = PBXFileReference; lastKnownFileType = folder.assetcatalog; path = Assets.xcassets; sourceTree = "<group>"; };
		B25600C127BD4E0E00C6EEE1 /* Preview Assets.xcassets */ = {isa = PBXFileReference; lastKnownFileType = folder.assetcatalog; path = "Preview Assets.xcassets"; sourceTree = "<group>"; };
		B257818F27BE8C1C00D63213 /* Main.xcdatamodel */ = {isa = PBXFileReference; lastKnownFileType = wrapper.xcdatamodel; path = Main.xcdatamodel; sourceTree = "<group>"; };
		B257819127BE959B00D63213 /* DataController.swift */ = {isa = PBXFileReference; lastKnownFileType = sourcecode.swift; path = DataController.swift; sourceTree = "<group>"; };
		B257819327BEA34200D63213 /* Info.plist */ = {isa = PBXFileReference; lastKnownFileType = text.plist; path = Info.plist; sourceTree = "<group>"; };
		B257819427BEA37B00D63213 /* UltimatePortfolio.entitlements */ = {isa = PBXFileReference; lastKnownFileType = text.plist.entitlements; path = UltimatePortfolio.entitlements; sourceTree = "<group>"; };
		B257819627BEA47B00D63213 /* CloudKit.framework */ = {isa = PBXFileReference; lastKnownFileType = wrapper.framework; name = CloudKit.framework; path = System/Library/Frameworks/CloudKit.framework; sourceTree = SDKROOT; };
		B257819827BEA87100D63213 /* HomeView.swift */ = {isa = PBXFileReference; lastKnownFileType = sourcecode.swift; path = HomeView.swift; sourceTree = "<group>"; };
		B257819A27BEA8E700D63213 /* ProjectsView.swift */ = {isa = PBXFileReference; lastKnownFileType = sourcecode.swift; path = ProjectsView.swift; sourceTree = "<group>"; };
		B2A5411327BFBB30001C2E36 /* Item-CoreDataHelpers.swift */ = {isa = PBXFileReference; lastKnownFileType = sourcecode.swift; path = "Item-CoreDataHelpers.swift"; sourceTree = "<group>"; };
		B2A5411627BFBECF001C2E36 /* Project-CoreDataHelpers.swift */ = {isa = PBXFileReference; lastKnownFileType = sourcecode.swift; path = "Project-CoreDataHelpers.swift"; sourceTree = "<group>"; };
/* End PBXFileReference section */

/* Begin PBXFrameworksBuildPhase section */
		B25600B427BD4E0C00C6EEE1 /* Frameworks */ = {
			isa = PBXFrameworksBuildPhase;
			buildActionMask = 2147483647;
			files = (
				B257819727BEA47B00D63213 /* CloudKit.framework in Frameworks */,
			);
			runOnlyForDeploymentPostprocessing = 0;
		};
/* End PBXFrameworksBuildPhase section */

/* Begin PBXGroup section */
		B25600AE27BD4E0C00C6EEE1 = {
			isa = PBXGroup;
			children = (
				B25600B927BD4E0C00C6EEE1 /* UltimatePortfolio */,
				B25600B827BD4E0C00C6EEE1 /* Products */,
				B257819527BEA47B00D63213 /* Frameworks */,
			);
			sourceTree = "<group>";
		};
		B25600B827BD4E0C00C6EEE1 /* Products */ = {
			isa = PBXGroup;
			children = (
				B25600B727BD4E0C00C6EEE1 /* UltimatePortfolio.app */,
			);
			name = Products;
			sourceTree = "<group>";
		};
		B25600B927BD4E0C00C6EEE1 /* UltimatePortfolio */ = {
			isa = PBXGroup;
			children = (
				B2A5411127BFB15F001C2E36 /* App */,
				B2A5411527BFBB3E001C2E36 /* CoreData */,
				B2A5411227BFB16F001C2E36 /* Services */,
				B2A5411027BFB145001C2E36 /* Views */,
				B257819327BEA34200D63213 /* Info.plist */,
				B257818E27BE8C1C00D63213 /* Main.xcdatamodeld */,
				B25600BE27BD4E0E00C6EEE1 /* Assets.xcassets */,
				B25600C027BD4E0E00C6EEE1 /* Preview Content */,
			);
			path = UltimatePortfolio;
			sourceTree = "<group>";
		};
		B25600C027BD4E0E00C6EEE1 /* Preview Content */ = {
			isa = PBXGroup;
			children = (
				B25600C127BD4E0E00C6EEE1 /* Preview Assets.xcassets */,
			);
			path = "Preview Content";
			sourceTree = "<group>";
		};
		B257819527BEA47B00D63213 /* Frameworks */ = {
			isa = PBXGroup;
			children = (
				B257819627BEA47B00D63213 /* CloudKit.framework */,
			);
			name = Frameworks;
			sourceTree = "<group>";
		};
		B2A5411027BFB145001C2E36 /* Views */ = {
			isa = PBXGroup;
			children = (
				B25600BC27BD4E0C00C6EEE1 /* ContentView.swift */,
				B257819827BEA87100D63213 /* HomeView.swift */,
				B257819A27BEA8E700D63213 /* ProjectsView.swift */,
			);
			path = Views;
			sourceTree = "<group>";
		};
		B2A5411127BFB15F001C2E36 /* App */ = {
			isa = PBXGroup;
			children = (
				B257819427BEA37B00D63213 /* UltimatePortfolio.entitlements */,
				B25600BA27BD4E0C00C6EEE1 /* UltimatePortfolioApp.swift */,
			);
			path = App;
			sourceTree = "<group>";
		};
		B2A5411227BFB16F001C2E36 /* Services */ = {
			isa = PBXGroup;
			children = (
				B257819127BE959B00D63213 /* DataController.swift */,
			);
			path = Services;
			sourceTree = "<group>";
		};
		B2A5411527BFBB3E001C2E36 /* CoreData */ = {
			isa = PBXGroup;
			children = (
				B2A5411627BFBECF001C2E36 /* Project-CoreDataHelpers.swift */,
				B2A5411327BFBB30001C2E36 /* Item-CoreDataHelpers.swift */,
			);
			path = CoreData;
			sourceTree = "<group>";
		};
/* End PBXGroup section */

/* Begin PBXNativeTarget section */
		B25600B627BD4E0C00C6EEE1 /* UltimatePortfolio */ = {
			isa = PBXNativeTarget;
			buildConfigurationList = B25600C527BD4E0E00C6EEE1 /* Build configuration list for PBXNativeTarget "UltimatePortfolio" */;
			buildPhases = (
				B25600B327BD4E0C00C6EEE1 /* Sources */,
				B25600B427BD4E0C00C6EEE1 /* Frameworks */,
				B25600B527BD4E0C00C6EEE1 /* Resources */,
			);
			buildRules = (
			);
			dependencies = (
			);
			name = UltimatePortfolio;
			productName = UltimatePortfolio;
			productReference = B25600B727BD4E0C00C6EEE1 /* UltimatePortfolio.app */;
			productType = "com.apple.product-type.application";
		};
/* End PBXNativeTarget section */

/* Begin PBXProject section */
		B25600AF27BD4E0C00C6EEE1 /* Project object */ = {
			isa = PBXProject;
			attributes = {
				BuildIndependentTargetsInParallel = 1;
				LastSwiftUpdateCheck = 1320;
				LastUpgradeCheck = 1320;
				TargetAttributes = {
					B25600B627BD4E0C00C6EEE1 = {
						CreatedOnToolsVersion = 13.2.1;
					};
				};
			};
			buildConfigurationList = B25600B227BD4E0C00C6EEE1 /* Build configuration list for PBXProject "UltimatePortfolio" */;
			compatibilityVersion = "Xcode 13.0";
			developmentRegion = en;
			hasScannedForEncodings = 0;
			knownRegions = (
				en,
				Base,
			);
			mainGroup = B25600AE27BD4E0C00C6EEE1;
			productRefGroup = B25600B827BD4E0C00C6EEE1 /* Products */;
			projectDirPath = "";
			projectRoot = "";
			targets = (
				B25600B627BD4E0C00C6EEE1 /* UltimatePortfolio */,
			);
		};
/* End PBXProject section */

/* Begin PBXResourcesBuildPhase section */
		B25600B527BD4E0C00C6EEE1 /* Resources */ = {
			isa = PBXResourcesBuildPhase;
			buildActionMask = 2147483647;
			files = (
				B25600C227BD4E0E00C6EEE1 /* Preview Assets.xcassets in Resources */,
				B25600BF27BD4E0E00C6EEE1 /* Assets.xcassets in Resources */,
			);
			runOnlyForDeploymentPostprocessing = 0;
		};
/* End PBXResourcesBuildPhase section */

/* Begin PBXSourcesBuildPhase section */
		B25600B327BD4E0C00C6EEE1 /* Sources */ = {
			isa = PBXSourcesBuildPhase;
			buildActionMask = 2147483647;
			files = (
				B257819B27BEA8E700D63213 /* ProjectsView.swift in Sources */,
				B257819027BE8C1C00D63213 /* Main.xcdatamodeld in Sources */,
				B2A5411727BFBECF001C2E36 /* Project-CoreDataHelpers.swift in Sources */,
				B257819227BE959B00D63213 /* DataController.swift in Sources */,
				B25600BD27BD4E0C00C6EEE1 /* ContentView.swift in Sources */,
				B257819927BEA87100D63213 /* HomeView.swift in Sources */,
				B25600BB27BD4E0C00C6EEE1 /* UltimatePortfolioApp.swift in Sources */,
				B2A5411427BFBB30001C2E36 /* Item-CoreDataHelpers.swift in Sources */,
			);
			runOnlyForDeploymentPostprocessing = 0;
		};
/* End PBXSourcesBuildPhase section */

/* Begin XCBuildConfiguration section */
		B25600C327BD4E0E00C6EEE1 /* Debug */ = {
			isa = XCBuildConfiguration;
			buildSettings = {
				ALWAYS_SEARCH_USER_PATHS = NO;
				CLANG_ANALYZER_NONNULL = YES;
				CLANG_ANALYZER_NUMBER_OBJECT_CONVERSION = YES_AGGRESSIVE;
				CLANG_CXX_LANGUAGE_STANDARD = "gnu++17";
				CLANG_CXX_LIBRARY = "libc++";
				CLANG_ENABLE_MODULES = YES;
				CLANG_ENABLE_OBJC_ARC = YES;
				CLANG_ENABLE_OBJC_WEAK = YES;
				CLANG_WARN_BLOCK_CAPTURE_AUTORELEASING = YES;
				CLANG_WARN_BOOL_CONVERSION = YES;
				CLANG_WARN_COMMA = YES;
				CLANG_WARN_CONSTANT_CONVERSION = YES;
				CLANG_WARN_DEPRECATED_OBJC_IMPLEMENTATIONS = YES;
				CLANG_WARN_DIRECT_OBJC_ISA_USAGE = YES_ERROR;
				CLANG_WARN_DOCUMENTATION_COMMENTS = YES;
				CLANG_WARN_EMPTY_BODY = YES;
				CLANG_WARN_ENUM_CONVERSION = YES;
				CLANG_WARN_INFINITE_RECURSION = YES;
				CLANG_WARN_INT_CONVERSION = YES;
				CLANG_WARN_NON_LITERAL_NULL_CONVERSION = YES;
				CLANG_WARN_OBJC_IMPLICIT_RETAIN_SELF = YES;
				CLANG_WARN_OBJC_LITERAL_CONVERSION = YES;
				CLANG_WARN_OBJC_ROOT_CLASS = YES_ERROR;
				CLANG_WARN_QUOTED_INCLUDE_IN_FRAMEWORK_HEADER = YES;
				CLANG_WARN_RANGE_LOOP_ANALYSIS = YES;
				CLANG_WARN_STRICT_PROTOTYPES = YES;
				CLANG_WARN_SUSPICIOUS_MOVE = YES;
				CLANG_WARN_UNGUARDED_AVAILABILITY = YES_AGGRESSIVE;
				CLANG_WARN_UNREACHABLE_CODE = YES;
				CLANG_WARN__DUPLICATE_METHOD_MATCH = YES;
				COPY_PHASE_STRIP = NO;
				DEBUG_INFORMATION_FORMAT = dwarf;
				ENABLE_STRICT_OBJC_MSGSEND = YES;
				ENABLE_TESTABILITY = YES;
				GCC_C_LANGUAGE_STANDARD = gnu11;
				GCC_DYNAMIC_NO_PIC = NO;
				GCC_NO_COMMON_BLOCKS = YES;
				GCC_OPTIMIZATION_LEVEL = 0;
				GCC_PREPROCESSOR_DEFINITIONS = (
					"DEBUG=1",
					"$(inherited)",
				);
				GCC_WARN_64_TO_32_BIT_CONVERSION = YES;
				GCC_WARN_ABOUT_RETURN_TYPE = YES_ERROR;
				GCC_WARN_UNDECLARED_SELECTOR = YES;
				GCC_WARN_UNINITIALIZED_AUTOS = YES_AGGRESSIVE;
				GCC_WARN_UNUSED_FUNCTION = YES;
				GCC_WARN_UNUSED_VARIABLE = YES;
				IPHONEOS_DEPLOYMENT_TARGET = 15.2;
				MTL_ENABLE_DEBUG_INFO = INCLUDE_SOURCE;
				MTL_FAST_MATH = YES;
				ONLY_ACTIVE_ARCH = YES;
				SDKROOT = iphoneos;
				SWIFT_ACTIVE_COMPILATION_CONDITIONS = DEBUG;
				SWIFT_OPTIMIZATION_LEVEL = "-Onone";
			};
			name = Debug;
		};
		B25600C427BD4E0E00C6EEE1 /* Release */ = {
			isa = XCBuildConfiguration;
			buildSettings = {
				ALWAYS_SEARCH_USER_PATHS = NO;
				CLANG_ANALYZER_NONNULL = YES;
				CLANG_ANALYZER_NUMBER_OBJECT_CONVERSION = YES_AGGRESSIVE;
				CLANG_CXX_LANGUAGE_STANDARD = "gnu++17";
				CLANG_CXX_LIBRARY = "libc++";
				CLANG_ENABLE_MODULES = YES;
				CLANG_ENABLE_OBJC_ARC = YES;
				CLANG_ENABLE_OBJC_WEAK = YES;
				CLANG_WARN_BLOCK_CAPTURE_AUTORELEASING = YES;
				CLANG_WARN_BOOL_CONVERSION = YES;
				CLANG_WARN_COMMA = YES;
				CLANG_WARN_CONSTANT_CONVERSION = YES;
				CLANG_WARN_DEPRECATED_OBJC_IMPLEMENTATIONS = YES;
				CLANG_WARN_DIRECT_OBJC_ISA_USAGE = YES_ERROR;
				CLANG_WARN_DOCUMENTATION_COMMENTS = YES;
				CLANG_WARN_EMPTY_BODY = YES;
				CLANG_WARN_ENUM_CONVERSION = YES;
				CLANG_WARN_INFINITE_RECURSION = YES;
				CLANG_WARN_INT_CONVERSION = YES;
				CLANG_WARN_NON_LITERAL_NULL_CONVERSION = YES;
				CLANG_WARN_OBJC_IMPLICIT_RETAIN_SELF = YES;
				CLANG_WARN_OBJC_LITERAL_CONVERSION = YES;
				CLANG_WARN_OBJC_ROOT_CLASS = YES_ERROR;
				CLANG_WARN_QUOTED_INCLUDE_IN_FRAMEWORK_HEADER = YES;
				CLANG_WARN_RANGE_LOOP_ANALYSIS = YES;
				CLANG_WARN_STRICT_PROTOTYPES = YES;
				CLANG_WARN_SUSPICIOUS_MOVE = YES;
				CLANG_WARN_UNGUARDED_AVAILABILITY = YES_AGGRESSIVE;
				CLANG_WARN_UNREACHABLE_CODE = YES;
				CLANG_WARN__DUPLICATE_METHOD_MATCH = YES;
				COPY_PHASE_STRIP = NO;
				DEBUG_INFORMATION_FORMAT = "dwarf-with-dsym";
				ENABLE_NS_ASSERTIONS = NO;
				ENABLE_STRICT_OBJC_MSGSEND = YES;
				GCC_C_LANGUAGE_STANDARD = gnu11;
				GCC_NO_COMMON_BLOCKS = YES;
				GCC_WARN_64_TO_32_BIT_CONVERSION = YES;
				GCC_WARN_ABOUT_RETURN_TYPE = YES_ERROR;
				GCC_WARN_UNDECLARED_SELECTOR = YES;
				GCC_WARN_UNINITIALIZED_AUTOS = YES_AGGRESSIVE;
				GCC_WARN_UNUSED_FUNCTION = YES;
				GCC_WARN_UNUSED_VARIABLE = YES;
				IPHONEOS_DEPLOYMENT_TARGET = 15.2;
				MTL_ENABLE_DEBUG_INFO = NO;
				MTL_FAST_MATH = YES;
				SDKROOT = iphoneos;
				SWIFT_COMPILATION_MODE = wholemodule;
				SWIFT_OPTIMIZATION_LEVEL = "-O";
				VALIDATE_PRODUCT = YES;
			};
			name = Release;
		};
		B25600C627BD4E0E00C6EEE1 /* Debug */ = {
			isa = XCBuildConfiguration;
			buildSettings = {
				ASSETCATALOG_COMPILER_APPICON_NAME = AppIcon;
				ASSETCATALOG_COMPILER_GLOBAL_ACCENT_COLOR_NAME = AccentColor;
				CODE_SIGN_ENTITLEMENTS = UltimatePortfolio/UltimatePortfolio.entitlements;
				CODE_SIGN_STYLE = Automatic;
				CURRENT_PROJECT_VERSION = 1;
				DEVELOPMENT_ASSET_PATHS = "\"UltimatePortfolio/Preview Content\"";
				DEVELOPMENT_TEAM = BQHMJ2C6RL;
				ENABLE_PREVIEWS = YES;
				GENERATE_INFOPLIST_FILE = YES;
				INFOPLIST_FILE = UltimatePortfolio/Info.plist;
				INFOPLIST_KEY_UIApplicationSceneManifest_Generation = YES;
				INFOPLIST_KEY_UIApplicationSupportsIndirectInputEvents = YES;
				INFOPLIST_KEY_UILaunchScreen_Generation = YES;
				INFOPLIST_KEY_UISupportedInterfaceOrientations_iPad = "UIInterfaceOrientationPortrait UIInterfaceOrientationPortraitUpsideDown UIInterfaceOrientationLandscapeLeft UIInterfaceOrientationLandscapeRight";
				INFOPLIST_KEY_UISupportedInterfaceOrientations_iPhone = "UIInterfaceOrientationPortrait UIInterfaceOrientationLandscapeLeft UIInterfaceOrientationLandscapeRight";
				LD_RUNPATH_SEARCH_PATHS = (
					"$(inherited)",
					"@executable_path/Frameworks",
				);
				MARKETING_VERSION = 1.0;
				PRODUCT_BUNDLE_IDENTIFIER = com.futureworkshops.UltimatePortfolioTest;
				PRODUCT_NAME = "$(TARGET_NAME)";
				SWIFT_EMIT_LOC_STRINGS = YES;
				SWIFT_VERSION = 5.0;
				TARGETED_DEVICE_FAMILY = "1,2";
			};
			name = Debug;
		};
		B25600C727BD4E0E00C6EEE1 /* Release */ = {
			isa = XCBuildConfiguration;
			buildSettings = {
				ASSETCATALOG_COMPILER_APPICON_NAME = AppIcon;
				ASSETCATALOG_COMPILER_GLOBAL_ACCENT_COLOR_NAME = AccentColor;
				CODE_SIGN_ENTITLEMENTS = UltimatePortfolio/UltimatePortfolio.entitlements;
				CODE_SIGN_STYLE = Automatic;
				CURRENT_PROJECT_VERSION = 1;
				DEVELOPMENT_ASSET_PATHS = "\"UltimatePortfolio/Preview Content\"";
				DEVELOPMENT_TEAM = BQHMJ2C6RL;
				ENABLE_PREVIEWS = YES;
				GENERATE_INFOPLIST_FILE = YES;
				INFOPLIST_FILE = UltimatePortfolio/Info.plist;
				INFOPLIST_KEY_UIApplicationSceneManifest_Generation = YES;
				INFOPLIST_KEY_UIApplicationSupportsIndirectInputEvents = YES;
				INFOPLIST_KEY_UILaunchScreen_Generation = YES;
				INFOPLIST_KEY_UISupportedInterfaceOrientations_iPad = "UIInterfaceOrientationPortrait UIInterfaceOrientationPortraitUpsideDown UIInterfaceOrientationLandscapeLeft UIInterfaceOrientationLandscapeRight";
				INFOPLIST_KEY_UISupportedInterfaceOrientations_iPhone = "UIInterfaceOrientationPortrait UIInterfaceOrientationLandscapeLeft UIInterfaceOrientationLandscapeRight";
				LD_RUNPATH_SEARCH_PATHS = (
					"$(inherited)",
					"@executable_path/Frameworks",
				);
				MARKETING_VERSION = 1.0;
				PRODUCT_BUNDLE_IDENTIFIER = com.futureworkshops.UltimatePortfolioTest;
				PRODUCT_NAME = "$(TARGET_NAME)";
				SWIFT_EMIT_LOC_STRINGS = YES;
				SWIFT_VERSION = 5.0;
				TARGETED_DEVICE_FAMILY = "1,2";
			};
			name = Release;
		};
/* End XCBuildConfiguration section */

/* Begin XCConfigurationList section */
		B25600B227BD4E0C00C6EEE1 /* Build configuration list for PBXProject "UltimatePortfolio" */ = {
			isa = XCConfigurationList;
			buildConfigurations = (
				B25600C327BD4E0E00C6EEE1 /* Debug */,
				B25600C427BD4E0E00C6EEE1 /* Release */,
			);
			defaultConfigurationIsVisible = 0;
			defaultConfigurationName = Release;
		};
		B25600C527BD4E0E00C6EEE1 /* Build configuration list for PBXNativeTarget "UltimatePortfolio" */ = {
			isa = XCConfigurationList;
			buildConfigurations = (
				B25600C627BD4E0E00C6EEE1 /* Debug */,
				B25600C727BD4E0E00C6EEE1 /* Release */,
			);
			defaultConfigurationIsVisible = 0;
			defaultConfigurationName = Release;
		};
/* End XCConfigurationList section */

/* Begin XCVersionGroup section */
		B257818E27BE8C1C00D63213 /* Main.xcdatamodeld */ = {
			isa = XCVersionGroup;
			children = (
				B257818F27BE8C1C00D63213 /* Main.xcdatamodel */,
			);
			currentVersion = B257818F27BE8C1C00D63213 /* Main.xcdatamodel */;
			path = Main.xcdatamodeld;
			sourceTree = "<group>";
			versionGroupType = wrapper.xcdatamodel;
		};
/* End XCVersionGroup section */
	};
	rootObject = B25600AF27BD4E0C00C6EEE1 /* Project object */;
}
